
Microsoft Visual Studio Solution File, Format Version 12.00
# Visual Studio 15
VisualStudioVersion = 15.0.27428.2015
MinimumVisualStudioVersion = 10.0.40219.1
Project("{FAE04EC0-301F-11D3-BF4B-00C04F79EFBC}") = "PingSite", "PingSite\PingSite.csproj", "{0170EDA9-F7B0-46BE-A50C-E6DA135F8B03}"
EndProject
Global
	GlobalSection(SolutionConfigurationPlatforms) = preSolution
		Debug|Any CPU = Debug|Any CPU
		Release|Any CPU = Release|Any CPU
	EndGlobalSection
	GlobalSection(ProjectConfigurationPlatforms) = postSolution
		{0170EDA9-F7B0-46BE-A50C-E6DA135F8B03}.Debug|Any CPU.ActiveCfg = Debug|Any CPU
		{0170EDA9-F7B0-46BE-A50C-E6DA135F8B03}.Debug|Any CPU.Build.0 = Debug|Any CPU
		{0170EDA9-F7B0-46BE-A50C-E6DA135F8B03}.Release|Any CPU.ActiveCfg = Release|Any CPU
		{0170EDA9-F7B0-46BE-A50C-E6DA135F8B03}.Release|Any CPU.Build.0 = Release|Any CPU
	EndGlobalSection
	GlobalSection(SolutionProperties) = preSolution
		HideSolutionNode = FALSE
	EndGlobalSection
	GlobalSection(ExtensibilityGlobals) = postSolution
		SolutionGuid = {0C2B0908-5DE3-4385-8BB8-DF8C6214F7FD}
	EndGlobalSection
EndGlobal
